
Microsoft Visual Studio Solution File, Format Version 12.00
# Visual Studio Version 17
VisualStudioVersion = 17.8.34322.80
MinimumVisualStudioVersion = 10.0.40219.1
Project("{FAE04EC0-301F-11D3-BF4B-00C04F79EFBC}") = "Meditrack", "Meditrack\Meditrack.csproj", "{526EF0DB-808A-4829-AB39-3F72DFC94771}"
EndProject
Project("{FAE04EC0-301F-11D3-BF4B-00C04F79EFBC}") = "Meditrack.data", "Meditrack.data\Meditrack.data.csproj", "{62485CFD-E9AC-4E84-B2C5-BBF0881DD3F3}"
EndProject
Global
	GlobalSection(SolutionConfigurationPlatforms) = preSolution
		Debug|Any CPU = Debug|Any CPU
		Release|Any CPU = Release|Any CPU
	EndGlobalSection
	GlobalSection(ProjectConfigurationPlatforms) = postSolution
		{526EF0DB-808A-4829-AB39-3F72DFC94771}.Debug|Any CPU.ActiveCfg = Debug|Any CPU
		{526EF0DB-808A-4829-AB39-3F72DFC94771}.Debug|Any CPU.Build.0 = Debug|Any CPU
		{526EF0DB-808A-4829-AB39-3F72DFC94771}.Release|Any CPU.ActiveCfg = Release|Any CPU
		{526EF0DB-808A-4829-AB39-3F72DFC94771}.Release|Any CPU.Build.0 = Release|Any CPU
		{62485CFD-E9AC-4E84-B2C5-BBF0881DD3F3}.Debug|Any CPU.ActiveCfg = Debug|Any CPU
		{62485CFD-E9AC-4E84-B2C5-BBF0881DD3F3}.Debug|Any CPU.Build.0 = Debug|Any CPU
		{62485CFD-E9AC-4E84-B2C5-BBF0881DD3F3}.Release|Any CPU.ActiveCfg = Release|Any CPU
		{62485CFD-E9AC-4E84-B2C5-BBF0881DD3F3}.Release|Any CPU.Build.0 = Release|Any CPU
	EndGlobalSection
	GlobalSection(SolutionProperties) = preSolution
		HideSolutionNode = FALSE
	EndGlobalSection
	GlobalSection(ExtensibilityGlobals) = postSolution
		SolutionGuid = {0EC9E050-69EE-4F6C-8339-04E084F34735}
	EndGlobalSection
EndGlobal
